// !$*UTF8*$!
{
	archiveVersion = 1;
	classes = {
	};
	objectVersion = 48;
	objects = {

/* Begin PBXBuildFile section */
		8579186659AB6CA5BC06F60F /* Pods_Task_Tracker.framework in Frameworks */ = {isa = PBXBuildFile; fileRef = A5CBCACDB2750934C3A0D5BF /* Pods_Task_Tracker.framework */; };
		937ED9AF1FB1F63900DEA4F3 /* AppDelegate.swift in Sources */ = {isa = PBXBuildFile; fileRef = 937ED9AE1FB1F63900DEA4F3 /* AppDelegate.swift */; };
		937ED9B11FB1F63900DEA4F3 /* ViewController.swift in Sources */ = {isa = PBXBuildFile; fileRef = 937ED9B01FB1F63900DEA4F3 /* ViewController.swift */; };
		937ED9B41FB1F63900DEA4F3 /* Main.storyboard in Resources */ = {isa = PBXBuildFile; fileRef = 937ED9B21FB1F63900DEA4F3 /* Main.storyboard */; };
		937ED9B91FB1F63900DEA4F3 /* Assets.xcassets in Resources */ = {isa = PBXBuildFile; fileRef = 937ED9B81FB1F63900DEA4F3 /* Assets.xcassets */; };
		937ED9BC1FB1F63900DEA4F3 /* LaunchScreen.storyboard in Resources */ = {isa = PBXBuildFile; fileRef = 937ED9BA1FB1F63900DEA4F3 /* LaunchScreen.storyboard */; };
		937ED9CB1FB1F94A00DEA4F3 /* Coordinator.swift in Sources */ = {isa = PBXBuildFile; fileRef = 937ED9CA1FB1F94A00DEA4F3 /* Coordinator.swift */; };
		937ED9CD1FB1F97000DEA4F3 /* ApplicationCoordinator.swift in Sources */ = {isa = PBXBuildFile; fileRef = 937ED9CC1FB1F97000DEA4F3 /* ApplicationCoordinator.swift */; };
		937ED9D01FB1F9CC00DEA4F3 /* BaseCoordinator.swift in Sources */ = {isa = PBXBuildFile; fileRef = 937ED9CF1FB1F9CC00DEA4F3 /* BaseCoordinator.swift */; };
		937ED9D21FB1FA1300DEA4F3 /* DeepLinkOption.swift in Sources */ = {isa = PBXBuildFile; fileRef = 937ED9D11FB1FA1300DEA4F3 /* DeepLinkOption.swift */; };
		937ED9D61FB1FD0C00DEA4F3 /* CoordinatorFactory.swift in Sources */ = {isa = PBXBuildFile; fileRef = 937ED9D51FB1FD0C00DEA4F3 /* CoordinatorFactory.swift */; };
		937ED9D91FB1FD8600DEA4F3 /* Presentable.swift in Sources */ = {isa = PBXBuildFile; fileRef = 937ED9D81FB1FD8600DEA4F3 /* Presentable.swift */; };
		937ED9DC1FB1FF1000DEA4F3 /* RouterProtocol.swift in Sources */ = {isa = PBXBuildFile; fileRef = 937ED9DB1FB1FF1000DEA4F3 /* RouterProtocol.swift */; };
		937ED9DE1FB1FFF800DEA4F3 /* Router.swift in Sources */ = {isa = PBXBuildFile; fileRef = 937ED9DD1FB1FFF800DEA4F3 /* Router.swift */; };
		937ED9E21FB2068000DEA4F3 /* AuthCoordinator.swift in Sources */ = {isa = PBXBuildFile; fileRef = 937ED9E11FB2068000DEA4F3 /* AuthCoordinator.swift */; };
		937ED9E41FB2068D00DEA4F3 /* AuthCoordinatorOutput.swift in Sources */ = {isa = PBXBuildFile; fileRef = 937ED9E31FB2068D00DEA4F3 /* AuthCoordinatorOutput.swift */; };
		937ED9E61FB2089C00DEA4F3 /* AuthModulesFactory.swift in Sources */ = {isa = PBXBuildFile; fileRef = 937ED9E51FB2089C00DEA4F3 /* AuthModulesFactory.swift */; };
		937ED9EA1FB2090900DEA4F3 /* LoginView.swift in Sources */ = {isa = PBXBuildFile; fileRef = 937ED9E91FB2090900DEA4F3 /* LoginView.swift */; };
		937ED9EC1FB2091C00DEA4F3 /* BaseView.swift in Sources */ = {isa = PBXBuildFile; fileRef = 937ED9EB1FB2091C00DEA4F3 /* BaseView.swift */; };
		937ED9EE1FB20A0D00DEA4F3 /* SignUpView.swift in Sources */ = {isa = PBXBuildFile; fileRef = 937ED9ED1FB20A0D00DEA4F3 /* SignUpView.swift */; };
		937ED9F11FB3068E00DEA4F3 /* ModelProtocol.swift in Sources */ = {isa = PBXBuildFile; fileRef = 937ED9F01FB3068E00DEA4F3 /* ModelProtocol.swift */; };
		937ED9F31FB307D500DEA4F3 /* Model.swift in Sources */ = {isa = PBXBuildFile; fileRef = 937ED9F21FB307D500DEA4F3 /* Model.swift */; };
		937ED9F51FB309D700DEA4F3 /* Collection.swift in Sources */ = {isa = PBXBuildFile; fileRef = 937ED9F41FB309D700DEA4F3 /* Collection.swift */; };
		937ED9FA1FB31A4A00DEA4F3 /* LoaderProtocol.swift in Sources */ = {isa = PBXBuildFile; fileRef = 937ED9F91FB31A4A00DEA4F3 /* LoaderProtocol.swift */; };
		937ED9FC1FB31ACA00DEA4F3 /* Loader.swift in Sources */ = {isa = PBXBuildFile; fileRef = 937ED9FB1FB31ACA00DEA4F3 /* Loader.swift */; };
		937ED9FF1FB3203800DEA4F3 /* ConfigurateRequestProtocol.swift in Sources */ = {isa = PBXBuildFile; fileRef = 937ED9FE1FB3203700DEA4F3 /* ConfigurateRequestProtocol.swift */; };
		937EDA011FB3207D00DEA4F3 /* Request.swift in Sources */ = {isa = PBXBuildFile; fileRef = 937EDA001FB3207D00DEA4F3 /* Request.swift */; };
		937EDA041FB32C5000DEA4F3 /* DataProviderProtocol.swift in Sources */ = {isa = PBXBuildFile; fileRef = 937EDA031FB32C5000DEA4F3 /* DataProviderProtocol.swift */; };
		937EDA061FB32CDD00DEA4F3 /* DataSource.swift in Sources */ = {isa = PBXBuildFile; fileRef = 937EDA051FB32CDD00DEA4F3 /* DataSource.swift */; };
		937EDA081FB3355200DEA4F3 /* Weather.swift in Sources */ = {isa = PBXBuildFile; fileRef = 937EDA071FB3355200DEA4F3 /* Weather.swift */; };
		937EDA0A1FB3355C00DEA4F3 /* WeatherCollection.swift in Sources */ = {isa = PBXBuildFile; fileRef = 937EDA091FB3355C00DEA4F3 /* WeatherCollection.swift */; };
		937EDA0C1FB352E000DEA4F3 /* WeatherKeys.swift in Sources */ = {isa = PBXBuildFile; fileRef = 937EDA0B1FB352E000DEA4F3 /* WeatherKeys.swift */; };
		937EDA0F1FB35F3200DEA4F3 /* Dictionary+Extensions.swift in Sources */ = {isa = PBXBuildFile; fileRef = 937EDA0E1FB35F3200DEA4F3 /* Dictionary+Extensions.swift */; };
/* End PBXBuildFile section */

/* Begin PBXFileReference section */
		71D715C01193944C86EB0D1F /* Pods-Task Tracker.debug.xcconfig */ = {isa = PBXFileReference; includeInIndex = 1; lastKnownFileType = text.xcconfig; name = "Pods-Task Tracker.debug.xcconfig"; path = "Pods/Target Support Files/Pods-Task Tracker/Pods-Task Tracker.debug.xcconfig"; sourceTree = "<group>"; };
		937ED9AB1FB1F63900DEA4F3 /* Task Tracker.app */ = {isa = PBXFileReference; explicitFileType = wrapper.application; includeInIndex = 0; path = "Task Tracker.app"; sourceTree = BUILT_PRODUCTS_DIR; };
		937ED9AE1FB1F63900DEA4F3 /* AppDelegate.swift */ = {isa = PBXFileReference; lastKnownFileType = sourcecode.swift; path = AppDelegate.swift; sourceTree = "<group>"; };
		937ED9B01FB1F63900DEA4F3 /* ViewController.swift */ = {isa = PBXFileReference; lastKnownFileType = sourcecode.swift; path = ViewController.swift; sourceTree = "<group>"; };
		937ED9B31FB1F63900DEA4F3 /* Base */ = {isa = PBXFileReference; lastKnownFileType = file.storyboard; name = Base; path = Base.lproj/Main.storyboard; sourceTree = "<group>"; };
		937ED9B81FB1F63900DEA4F3 /* Assets.xcassets */ = {isa = PBXFileReference; lastKnownFileType = folder.assetcatalog; path = Assets.xcassets; sourceTree = "<group>"; };
		937ED9BB1FB1F63900DEA4F3 /* Base */ = {isa = PBXFileReference; lastKnownFileType = file.storyboard; name = Base; path = Base.lproj/LaunchScreen.storyboard; sourceTree = "<group>"; };
		937ED9BD1FB1F63900DEA4F3 /* Info.plist */ = {isa = PBXFileReference; lastKnownFileType = text.plist.xml; path = Info.plist; sourceTree = "<group>"; };
		937ED9CA1FB1F94A00DEA4F3 /* Coordinator.swift */ = {isa = PBXFileReference; lastKnownFileType = sourcecode.swift; path = Coordinator.swift; sourceTree = "<group>"; };
		937ED9CC1FB1F97000DEA4F3 /* ApplicationCoordinator.swift */ = {isa = PBXFileReference; lastKnownFileType = sourcecode.swift; path = ApplicationCoordinator.swift; sourceTree = "<group>"; };
		937ED9CF1FB1F9CC00DEA4F3 /* BaseCoordinator.swift */ = {isa = PBXFileReference; lastKnownFileType = sourcecode.swift; path = BaseCoordinator.swift; sourceTree = "<group>"; };
		937ED9D11FB1FA1300DEA4F3 /* DeepLinkOption.swift */ = {isa = PBXFileReference; lastKnownFileType = sourcecode.swift; path = DeepLinkOption.swift; sourceTree = "<group>"; };
		937ED9D51FB1FD0C00DEA4F3 /* CoordinatorFactory.swift */ = {isa = PBXFileReference; lastKnownFileType = sourcecode.swift; path = CoordinatorFactory.swift; sourceTree = "<group>"; };
		937ED9D81FB1FD8600DEA4F3 /* Presentable.swift */ = {isa = PBXFileReference; lastKnownFileType = sourcecode.swift; path = Presentable.swift; sourceTree = "<group>"; };
		937ED9DB1FB1FF1000DEA4F3 /* RouterProtocol.swift */ = {isa = PBXFileReference; lastKnownFileType = sourcecode.swift; path = RouterProtocol.swift; sourceTree = "<group>"; };
		937ED9DD1FB1FFF800DEA4F3 /* Router.swift */ = {isa = PBXFileReference; lastKnownFileType = sourcecode.swift; path = Router.swift; sourceTree = "<group>"; };
		937ED9E11FB2068000DEA4F3 /* AuthCoordinator.swift */ = {isa = PBXFileReference; lastKnownFileType = sourcecode.swift; path = AuthCoordinator.swift; sourceTree = "<group>"; };
		937ED9E31FB2068D00DEA4F3 /* AuthCoordinatorOutput.swift */ = {isa = PBXFileReference; lastKnownFileType = sourcecode.swift; path = AuthCoordinatorOutput.swift; sourceTree = "<group>"; };
		937ED9E51FB2089C00DEA4F3 /* AuthModulesFactory.swift */ = {isa = PBXFileReference; lastKnownFileType = sourcecode.swift; path = AuthModulesFactory.swift; sourceTree = "<group>"; };
		937ED9E91FB2090900DEA4F3 /* LoginView.swift */ = {isa = PBXFileReference; lastKnownFileType = sourcecode.swift; path = LoginView.swift; sourceTree = "<group>"; };
		937ED9EB1FB2091C00DEA4F3 /* BaseView.swift */ = {isa = PBXFileReference; lastKnownFileType = sourcecode.swift; path = BaseView.swift; sourceTree = "<group>"; };
		937ED9ED1FB20A0D00DEA4F3 /* SignUpView.swift */ = {isa = PBXFileReference; lastKnownFileType = sourcecode.swift; path = SignUpView.swift; sourceTree = "<group>"; };
		937ED9F01FB3068E00DEA4F3 /* ModelProtocol.swift */ = {isa = PBXFileReference; lastKnownFileType = sourcecode.swift; path = ModelProtocol.swift; sourceTree = "<group>"; };
		937ED9F21FB307D500DEA4F3 /* Model.swift */ = {isa = PBXFileReference; lastKnownFileType = sourcecode.swift; path = Model.swift; sourceTree = "<group>"; };
		937ED9F41FB309D700DEA4F3 /* Collection.swift */ = {isa = PBXFileReference; lastKnownFileType = sourcecode.swift; path = Collection.swift; sourceTree = "<group>"; };
		937ED9F91FB31A4A00DEA4F3 /* LoaderProtocol.swift */ = {isa = PBXFileReference; lastKnownFileType = sourcecode.swift; path = LoaderProtocol.swift; sourceTree = "<group>"; };
		937ED9FB1FB31ACA00DEA4F3 /* Loader.swift */ = {isa = PBXFileReference; lastKnownFileType = sourcecode.swift; path = Loader.swift; sourceTree = "<group>"; };
		937ED9FE1FB3203700DEA4F3 /* ConfigurateRequestProtocol.swift */ = {isa = PBXFileReference; lastKnownFileType = sourcecode.swift; path = ConfigurateRequestProtocol.swift; sourceTree = "<group>"; };
		937EDA001FB3207D00DEA4F3 /* Request.swift */ = {isa = PBXFileReference; lastKnownFileType = sourcecode.swift; path = Request.swift; sourceTree = "<group>"; };
		937EDA031FB32C5000DEA4F3 /* DataProviderProtocol.swift */ = {isa = PBXFileReference; lastKnownFileType = sourcecode.swift; path = DataProviderProtocol.swift; sourceTree = "<group>"; };
		937EDA051FB32CDD00DEA4F3 /* DataSource.swift */ = {isa = PBXFileReference; lastKnownFileType = sourcecode.swift; path = DataSource.swift; sourceTree = "<group>"; };
		937EDA071FB3355200DEA4F3 /* Weather.swift */ = {isa = PBXFileReference; lastKnownFileType = sourcecode.swift; path = Weather.swift; sourceTree = "<group>"; };
		937EDA091FB3355C00DEA4F3 /* WeatherCollection.swift */ = {isa = PBXFileReference; lastKnownFileType = sourcecode.swift; path = WeatherCollection.swift; sourceTree = "<group>"; };
		937EDA0B1FB352E000DEA4F3 /* WeatherKeys.swift */ = {isa = PBXFileReference; lastKnownFileType = sourcecode.swift; path = WeatherKeys.swift; sourceTree = "<group>"; };
		937EDA0E1FB35F3200DEA4F3 /* Dictionary+Extensions.swift */ = {isa = PBXFileReference; lastKnownFileType = sourcecode.swift; path = "Dictionary+Extensions.swift"; sourceTree = "<group>"; };
		A5CBCACDB2750934C3A0D5BF /* Pods_Task_Tracker.framework */ = {isa = PBXFileReference; explicitFileType = wrapper.framework; includeInIndex = 0; path = Pods_Task_Tracker.framework; sourceTree = BUILT_PRODUCTS_DIR; };
		BE7EB50B732EFA5F1442C956 /* Pods-Task Tracker.release.xcconfig */ = {isa = PBXFileReference; includeInIndex = 1; lastKnownFileType = text.xcconfig; name = "Pods-Task Tracker.release.xcconfig"; path = "Pods/Target Support Files/Pods-Task Tracker/Pods-Task Tracker.release.xcconfig"; sourceTree = "<group>"; };
/* End PBXFileReference section */

/* Begin PBXFrameworksBuildPhase section */
		937ED9A81FB1F63900DEA4F3 /* Frameworks */ = {
			isa = PBXFrameworksBuildPhase;
			buildActionMask = 2147483647;
			files = (
				8579186659AB6CA5BC06F60F /* Pods_Task_Tracker.framework in Frameworks */,
			);
			runOnlyForDeploymentPostprocessing = 0;
		};
/* End PBXFrameworksBuildPhase section */

/* Begin PBXGroup section */
		2BF6D250049C9F903DB277B9 /* Frameworks */ = {
			isa = PBXGroup;
			children = (
				A5CBCACDB2750934C3A0D5BF /* Pods_Task_Tracker.framework */,
			);
			name = Frameworks;
			sourceTree = "<group>";
		};
		937ED9A21FB1F63800DEA4F3 = {
			isa = PBXGroup;
			children = (
				937ED9AD1FB1F63900DEA4F3 /* Task Tracker */,
				937ED9AC1FB1F63900DEA4F3 /* Products */,
				DFD6DF3124FF177C0FECC08F /* Pods */,
				2BF6D250049C9F903DB277B9 /* Frameworks */,
			);
			sourceTree = "<group>";
		};
		937ED9AC1FB1F63900DEA4F3 /* Products */ = {
			isa = PBXGroup;
			children = (
				937ED9AB1FB1F63900DEA4F3 /* Task Tracker.app */,
			);
			name = Products;
			sourceTree = "<group>";
		};
		937ED9AD1FB1F63900DEA4F3 /* Task Tracker */ = {
			isa = PBXGroup;
			children = (
				937ED9C41FB1F82A00DEA4F3 /* Classes */,
				937ED9C51FB1F83100DEA4F3 /* Storyboards */,
				937ED9C31FB1F82600DEA4F3 /* Resources */,
			);
			path = "Task Tracker";
			sourceTree = "<group>";
		};
		937ED9C31FB1F82600DEA4F3 /* Resources */ = {
			isa = PBXGroup;
			children = (
				937ED9B81FB1F63900DEA4F3 /* Assets.xcassets */,
				937ED9BD1FB1F63900DEA4F3 /* Info.plist */,
			);
			path = Resources;
			sourceTree = "<group>";
		};
		937ED9C41FB1F82A00DEA4F3 /* Classes */ = {
			isa = PBXGroup;
			children = (
				937EDA0D1FB35F1800DEA4F3 /* Helpers */,
				937EDA021FB32C4200DEA4F3 /* DataSource */,
				937ED9FD1FB3201600DEA4F3 /* Request */,
				937ED9C61FB1F84200DEA4F3 /* Application */,
				937ED9CE1FB1F9C000DEA4F3 /* Coordinators */,
				937ED9D41FB1FCF200DEA4F3 /* Factories */,
				937ED9DF1FB2066000DEA4F3 /* Flow */,
				937ED9EF1FB3061800DEA4F3 /* Loader */,
				937ED9C81FB1F85B00DEA4F3 /* Models */,
				937ED9DA1FB1FF0100DEA4F3 /* Router */,
				937ED9C71FB1F84B00DEA4F3 /* ViewControllers */,
			);
			path = Classes;
			sourceTree = "<group>";
		};
		937ED9C51FB1F83100DEA4F3 /* Storyboards */ = {
			isa = PBXGroup;
			children = (
				937ED9B21FB1F63900DEA4F3 /* Main.storyboard */,
				937ED9BA1FB1F63900DEA4F3 /* LaunchScreen.storyboard */,
			);
			path = Storyboards;
			sourceTree = "<group>";
		};
		937ED9C61FB1F84200DEA4F3 /* Application */ = {
			isa = PBXGroup;
			children = (
				937ED9AE1FB1F63900DEA4F3 /* AppDelegate.swift */,
				937ED9CC1FB1F97000DEA4F3 /* ApplicationCoordinator.swift */,
			);
			path = Application;
			sourceTree = "<group>";
		};
		937ED9C71FB1F84B00DEA4F3 /* ViewControllers */ = {
			isa = PBXGroup;
			children = (
				937ED9B01FB1F63900DEA4F3 /* ViewController.swift */,
			);
			path = ViewControllers;
			sourceTree = "<group>";
		};
		937ED9C81FB1F85B00DEA4F3 /* Models */ = {
			isa = PBXGroup;
			children = (
				937ED9F61FB3173700DEA4F3 /* Abstract */,
				937ED9F71FB3174D00DEA4F3 /* Concrete */,
			);
			path = Models;
			sourceTree = "<group>";
		};
		937ED9CE1FB1F9C000DEA4F3 /* Coordinators */ = {
			isa = PBXGroup;
			children = (
				937ED9D71FB1FD6200DEA4F3 /* Protocols */,
				937ED9D31FB1FA3300DEA4F3 /* Helpers */,
				937ED9CF1FB1F9CC00DEA4F3 /* BaseCoordinator.swift */,
			);
			path = Coordinators;
			sourceTree = "<group>";
		};
		937ED9D31FB1FA3300DEA4F3 /* Helpers */ = {
			isa = PBXGroup;
			children = (
				937ED9D11FB1FA1300DEA4F3 /* DeepLinkOption.swift */,
			);
			path = Helpers;
			sourceTree = "<group>";
		};
		937ED9D41FB1FCF200DEA4F3 /* Factories */ = {
			isa = PBXGroup;
			children = (
				937ED9D51FB1FD0C00DEA4F3 /* CoordinatorFactory.swift */,
				937ED9E51FB2089C00DEA4F3 /* AuthModulesFactory.swift */,
			);
			path = Factories;
			sourceTree = "<group>";
		};
		937ED9D71FB1FD6200DEA4F3 /* Protocols */ = {
			isa = PBXGroup;
			children = (
				937ED9CA1FB1F94A00DEA4F3 /* Coordinator.swift */,
				937ED9D81FB1FD8600DEA4F3 /* Presentable.swift */,
				937ED9EB1FB2091C00DEA4F3 /* BaseView.swift */,
			);
			path = Protocols;
			sourceTree = "<group>";
		};
		937ED9DA1FB1FF0100DEA4F3 /* Router */ = {
			isa = PBXGroup;
			children = (
				937ED9DB1FB1FF1000DEA4F3 /* RouterProtocol.swift */,
				937ED9DD1FB1FFF800DEA4F3 /* Router.swift */,
			);
			path = Router;
			sourceTree = "<group>";
		};
		937ED9DF1FB2066000DEA4F3 /* Flow */ = {
			isa = PBXGroup;
			children = (
				937ED9E01FB2066400DEA4F3 /* Login Flow */,
			);
			path = Flow;
			sourceTree = "<group>";
		};
		937ED9E01FB2066400DEA4F3 /* Login Flow */ = {
			isa = PBXGroup;
			children = (
				937ED9E71FB208CF00DEA4F3 /* Controllers */,
				937ED9E11FB2068000DEA4F3 /* AuthCoordinator.swift */,
				937ED9E31FB2068D00DEA4F3 /* AuthCoordinatorOutput.swift */,
			);
			path = "Login Flow";
			sourceTree = "<group>";
		};
		937ED9E71FB208CF00DEA4F3 /* Controllers */ = {
			isa = PBXGroup;
			children = (
				937ED9E91FB2090900DEA4F3 /* LoginView.swift */,
				937ED9ED1FB20A0D00DEA4F3 /* SignUpView.swift */,
			);
			path = Controllers;
			sourceTree = "<group>";
		};
		937ED9EF1FB3061800DEA4F3 /* Loader */ = {
			isa = PBXGroup;
			children = (
				937ED9F91FB31A4A00DEA4F3 /* LoaderProtocol.swift */,
				937ED9FB1FB31ACA00DEA4F3 /* Loader.swift */,
			);
			path = Loader;
			sourceTree = "<group>";
		};
		937ED9F61FB3173700DEA4F3 /* Abstract */ = {
			isa = PBXGroup;
			children = (
				937ED9F01FB3068E00DEA4F3 /* ModelProtocol.swift */,
				937ED9F21FB307D500DEA4F3 /* Model.swift */,
				937ED9F41FB309D700DEA4F3 /* Collection.swift */,
			);
			path = Abstract;
			sourceTree = "<group>";
		};
		937ED9F71FB3174D00DEA4F3 /* Concrete */ = {
			isa = PBXGroup;
			children = (
				937EDA071FB3355200DEA4F3 /* Weather.swift */,
				937EDA091FB3355C00DEA4F3 /* WeatherCollection.swift */,
				937EDA0B1FB352E000DEA4F3 /* WeatherKeys.swift */,
			);
			path = Concrete;
			sourceTree = "<group>";
		};
		937ED9FD1FB3201600DEA4F3 /* Request */ = {
			isa = PBXGroup;
			children = (
				937ED9FE1FB3203700DEA4F3 /* ConfigurateRequestProtocol.swift */,
				937EDA001FB3207D00DEA4F3 /* Request.swift */,
			);
			path = Request;
			sourceTree = "<group>";
		};
		937EDA021FB32C4200DEA4F3 /* DataSource */ = {
			isa = PBXGroup;
			children = (
				937EDA031FB32C5000DEA4F3 /* DataProviderProtocol.swift */,
				937EDA051FB32CDD00DEA4F3 /* DataSource.swift */,
			);
			path = DataSource;
			sourceTree = "<group>";
		};
		937EDA0D1FB35F1800DEA4F3 /* Helpers */ = {
			isa = PBXGroup;
			children = (
				937EDA0E1FB35F3200DEA4F3 /* Dictionary+Extensions.swift */,
			);
			path = Helpers;
			sourceTree = "<group>";
		};
		DFD6DF3124FF177C0FECC08F /* Pods */ = {
			isa = PBXGroup;
			children = (
				71D715C01193944C86EB0D1F /* Pods-Task Tracker.debug.xcconfig */,
				BE7EB50B732EFA5F1442C956 /* Pods-Task Tracker.release.xcconfig */,
			);
			name = Pods;
			sourceTree = "<group>";
		};
/* End PBXGroup section */

/* Begin PBXNativeTarget section */
		937ED9AA1FB1F63900DEA4F3 /* Task Tracker */ = {
			isa = PBXNativeTarget;
			buildConfigurationList = 937ED9C01FB1F63900DEA4F3 /* Build configuration list for PBXNativeTarget "Task Tracker" */;
			buildPhases = (
				5B2387A257A76A55D16DDFD3 /* [CP] Check Pods Manifest.lock */,
				937ED9A71FB1F63900DEA4F3 /* Sources */,
				937ED9A81FB1F63900DEA4F3 /* Frameworks */,
				937ED9A91FB1F63900DEA4F3 /* Resources */,
				8816B2FDC5021FE65BA0AE89 /* [CP] Embed Pods Frameworks */,
				C7621A5A10E1E0D7A68EBD46 /* [CP] Copy Pods Resources */,
			);
			buildRules = (
			);
			dependencies = (
			);
			name = "Task Tracker";
			productName = "Task Tracker";
			productReference = 937ED9AB1FB1F63900DEA4F3 /* Task Tracker.app */;
			productType = "com.apple.product-type.application";
		};
/* End PBXNativeTarget section */

/* Begin PBXProject section */
		937ED9A31FB1F63800DEA4F3 /* Project object */ = {
			isa = PBXProject;
			attributes = {
				LastSwiftUpdateCheck = 0910;
				LastUpgradeCheck = 0910;
				ORGANIZATIONNAME = "Oleksii Tsoniev";
				TargetAttributes = {
					937ED9AA1FB1F63900DEA4F3 = {
						CreatedOnToolsVersion = 9.1;
						ProvisioningStyle = Automatic;
					};
				};
			};
			buildConfigurationList = 937ED9A61FB1F63800DEA4F3 /* Build configuration list for PBXProject "Task Tracker" */;
			compatibilityVersion = "Xcode 8.0";
			developmentRegion = en;
			hasScannedForEncodings = 0;
			knownRegions = (
				en,
				Base,
			);
			mainGroup = 937ED9A21FB1F63800DEA4F3;
			productRefGroup = 937ED9AC1FB1F63900DEA4F3 /* Products */;
			projectDirPath = "";
			projectRoot = "";
			targets = (
				937ED9AA1FB1F63900DEA4F3 /* Task Tracker */,
			);
		};
/* End PBXProject section */

/* Begin PBXResourcesBuildPhase section */
		937ED9A91FB1F63900DEA4F3 /* Resources */ = {
			isa = PBXResourcesBuildPhase;
			buildActionMask = 2147483647;
			files = (
				937ED9BC1FB1F63900DEA4F3 /* LaunchScreen.storyboard in Resources */,
				937ED9B91FB1F63900DEA4F3 /* Assets.xcassets in Resources */,
				937ED9B41FB1F63900DEA4F3 /* Main.storyboard in Resources */,
			);
			runOnlyForDeploymentPostprocessing = 0;
		};
/* End PBXResourcesBuildPhase section */

/* Begin PBXShellScriptBuildPhase section */
		5B2387A257A76A55D16DDFD3 /* [CP] Check Pods Manifest.lock */ = {
			isa = PBXShellScriptBuildPhase;
			buildActionMask = 2147483647;
			files = (
			);
			inputPaths = (
				"${PODS_PODFILE_DIR_PATH}/Podfile.lock",
				"${PODS_ROOT}/Manifest.lock",
			);
			name = "[CP] Check Pods Manifest.lock";
			outputPaths = (
				"$(DERIVED_FILE_DIR)/Pods-Task Tracker-checkManifestLockResult.txt",
			);
			runOnlyForDeploymentPostprocessing = 0;
			shellPath = /bin/sh;
			shellScript = "diff \"${PODS_PODFILE_DIR_PATH}/Podfile.lock\" \"${PODS_ROOT}/Manifest.lock\" > /dev/null\nif [ $? != 0 ] ; then\n    # print error to STDERR\n    echo \"error: The sandbox is not in sync with the Podfile.lock. Run 'pod install' or update your CocoaPods installation.\" >&2\n    exit 1\nfi\n# This output is used by Xcode 'outputs' to avoid re-running this script phase.\necho \"SUCCESS\" > \"${SCRIPT_OUTPUT_FILE_0}\"\n";
			showEnvVarsInLog = 0;
		};
		8816B2FDC5021FE65BA0AE89 /* [CP] Embed Pods Frameworks */ = {
			isa = PBXShellScriptBuildPhase;
			buildActionMask = 2147483647;
			files = (
			);
			inputPaths = (
				"${SRCROOT}/Pods/Target Support Files/Pods-Task Tracker/Pods-Task Tracker-frameworks.sh",
				"${BUILT_PRODUCTS_DIR}/SwiftyJSON/SwiftyJSON.framework",
			);
			name = "[CP] Embed Pods Frameworks";
			outputPaths = (
				"${TARGET_BUILD_DIR}/${FRAMEWORKS_FOLDER_PATH}/SwiftyJSON.framework",
			);
			runOnlyForDeploymentPostprocessing = 0;
			shellPath = /bin/sh;
			shellScript = "\"${SRCROOT}/Pods/Target Support Files/Pods-Task Tracker/Pods-Task Tracker-frameworks.sh\"\n";
			showEnvVarsInLog = 0;
		};
		C7621A5A10E1E0D7A68EBD46 /* [CP] Copy Pods Resources */ = {
			isa = PBXShellScriptBuildPhase;
			buildActionMask = 2147483647;
			files = (
			);
			inputPaths = (
			);
			name = "[CP] Copy Pods Resources";
			outputPaths = (
			);
			runOnlyForDeploymentPostprocessing = 0;
			shellPath = /bin/sh;
			shellScript = "\"${SRCROOT}/Pods/Target Support Files/Pods-Task Tracker/Pods-Task Tracker-resources.sh\"\n";
			showEnvVarsInLog = 0;
		};
/* End PBXShellScriptBuildPhase section */

/* Begin PBXSourcesBuildPhase section */
		937ED9A71FB1F63900DEA4F3 /* Sources */ = {
			isa = PBXSourcesBuildPhase;
			buildActionMask = 2147483647;
			files = (
				937ED9DC1FB1FF1000DEA4F3 /* RouterProtocol.swift in Sources */,
				937ED9E61FB2089C00DEA4F3 /* AuthModulesFactory.swift in Sources */,
				937ED9D01FB1F9CC00DEA4F3 /* BaseCoordinator.swift in Sources */,
				937ED9DE1FB1FFF800DEA4F3 /* Router.swift in Sources */,
				937EDA041FB32C5000DEA4F3 /* DataProviderProtocol.swift in Sources */,
				937ED9D91FB1FD8600DEA4F3 /* Presentable.swift in Sources */,
				937ED9FC1FB31ACA00DEA4F3 /* Loader.swift in Sources */,
				937ED9E21FB2068000DEA4F3 /* AuthCoordinator.swift in Sources */,
				937EDA081FB3355200DEA4F3 /* Weather.swift in Sources */,
				937ED9B11FB1F63900DEA4F3 /* ViewController.swift in Sources */,
				937EDA011FB3207D00DEA4F3 /* Request.swift in Sources */,
				937ED9F31FB307D500DEA4F3 /* Model.swift in Sources */,
				937EDA0A1FB3355C00DEA4F3 /* WeatherCollection.swift in Sources */,
				937ED9D61FB1FD0C00DEA4F3 /* CoordinatorFactory.swift in Sources */,
				937ED9EA1FB2090900DEA4F3 /* LoginView.swift in Sources */,
				937ED9F11FB3068E00DEA4F3 /* ModelProtocol.swift in Sources */,
				937ED9AF1FB1F63900DEA4F3 /* AppDelegate.swift in Sources */,
				937ED9CB1FB1F94A00DEA4F3 /* Coordinator.swift in Sources */,
				937ED9E41FB2068D00DEA4F3 /* AuthCoordinatorOutput.swift in Sources */,
				937ED9EE1FB20A0D00DEA4F3 /* SignUpView.swift in Sources */,
				937ED9FF1FB3203800DEA4F3 /* ConfigurateRequestProtocol.swift in Sources */,
				937ED9EC1FB2091C00DEA4F3 /* BaseView.swift in Sources */,
				937ED9FA1FB31A4A00DEA4F3 /* LoaderProtocol.swift in Sources */,
				937ED9D21FB1FA1300DEA4F3 /* DeepLinkOption.swift in Sources */,
				937EDA0F1FB35F3200DEA4F3 /* Dictionary+Extensions.swift in Sources */,
				937EDA0C1FB352E000DEA4F3 /* WeatherKeys.swift in Sources */,
				937ED9F51FB309D700DEA4F3 /* Collection.swift in Sources */,
				937EDA061FB32CDD00DEA4F3 /* DataSource.swift in Sources */,
				937ED9CD1FB1F97000DEA4F3 /* ApplicationCoordinator.swift in Sources */,
			);
			runOnlyForDeploymentPostprocessing = 0;
		};
/* End PBXSourcesBuildPhase section */

/* Begin PBXVariantGroup section */
		937ED9B21FB1F63900DEA4F3 /* Main.storyboard */ = {
			isa = PBXVariantGroup;
			children = (
				937ED9B31FB1F63900DEA4F3 /* Base */,
			);
			name = Main.storyboard;
			sourceTree = "<group>";
		};
		937ED9BA1FB1F63900DEA4F3 /* LaunchScreen.storyboard */ = {
			isa = PBXVariantGroup;
			children = (
				937ED9BB1FB1F63900DEA4F3 /* Base */,
			);
			name = LaunchScreen.storyboard;
			sourceTree = "<group>";
		};
/* End PBXVariantGroup section */

/* Begin XCBuildConfiguration section */
		937ED9BE1FB1F63900DEA4F3 /* Debug */ = {
			isa = XCBuildConfiguration;
			buildSettings = {
				ALWAYS_SEARCH_USER_PATHS = NO;
				CLANG_ANALYZER_NONNULL = YES;
				CLANG_ANALYZER_NUMBER_OBJECT_CONVERSION = YES_AGGRESSIVE;
				CLANG_CXX_LANGUAGE_STANDARD = "gnu++14";
				CLANG_CXX_LIBRARY = "libc++";
				CLANG_ENABLE_MODULES = YES;
				CLANG_ENABLE_OBJC_ARC = YES;
				CLANG_WARN_BLOCK_CAPTURE_AUTORELEASING = YES;
				CLANG_WARN_BOOL_CONVERSION = YES;
				CLANG_WARN_COMMA = YES;
				CLANG_WARN_CONSTANT_CONVERSION = YES;
				CLANG_WARN_DIRECT_OBJC_ISA_USAGE = YES_ERROR;
				CLANG_WARN_DOCUMENTATION_COMMENTS = YES;
				CLANG_WARN_EMPTY_BODY = YES;
				CLANG_WARN_ENUM_CONVERSION = YES;
				CLANG_WARN_INFINITE_RECURSION = YES;
				CLANG_WARN_INT_CONVERSION = YES;
				CLANG_WARN_NON_LITERAL_NULL_CONVERSION = YES;
				CLANG_WARN_OBJC_LITERAL_CONVERSION = YES;
				CLANG_WARN_OBJC_ROOT_CLASS = YES_ERROR;
				CLANG_WARN_RANGE_LOOP_ANALYSIS = YES;
				CLANG_WARN_STRICT_PROTOTYPES = YES;
				CLANG_WARN_SUSPICIOUS_MOVE = YES;
				CLANG_WARN_UNGUARDED_AVAILABILITY = YES_AGGRESSIVE;
				CLANG_WARN_UNREACHABLE_CODE = YES;
				CLANG_WARN__DUPLICATE_METHOD_MATCH = YES;
				CODE_SIGN_IDENTITY = "iPhone Developer";
				COPY_PHASE_STRIP = NO;
				DEBUG_INFORMATION_FORMAT = dwarf;
				ENABLE_STRICT_OBJC_MSGSEND = YES;
				ENABLE_TESTABILITY = YES;
				GCC_C_LANGUAGE_STANDARD = gnu11;
				GCC_DYNAMIC_NO_PIC = NO;
				GCC_NO_COMMON_BLOCKS = YES;
				GCC_OPTIMIZATION_LEVEL = 0;
				GCC_PREPROCESSOR_DEFINITIONS = (
					"DEBUG=1",
					"$(inherited)",
				);
				GCC_WARN_64_TO_32_BIT_CONVERSION = YES;
				GCC_WARN_ABOUT_RETURN_TYPE = YES_ERROR;
				GCC_WARN_UNDECLARED_SELECTOR = YES;
				GCC_WARN_UNINITIALIZED_AUTOS = YES_AGGRESSIVE;
				GCC_WARN_UNUSED_FUNCTION = YES;
				GCC_WARN_UNUSED_VARIABLE = YES;
				IPHONEOS_DEPLOYMENT_TARGET = 11.1;
				MTL_ENABLE_DEBUG_INFO = YES;
				ONLY_ACTIVE_ARCH = YES;
				SDKROOT = iphoneos;
				SWIFT_ACTIVE_COMPILATION_CONDITIONS = DEBUG;
				SWIFT_OPTIMIZATION_LEVEL = "-Onone";
			};
			name = Debug;
		};
		937ED9BF1FB1F63900DEA4F3 /* Release */ = {
			isa = XCBuildConfiguration;
			buildSettings = {
				ALWAYS_SEARCH_USER_PATHS = NO;
				CLANG_ANALYZER_NONNULL = YES;
				CLANG_ANALYZER_NUMBER_OBJECT_CONVERSION = YES_AGGRESSIVE;
				CLANG_CXX_LANGUAGE_STANDARD = "gnu++14";
				CLANG_CXX_LIBRARY = "libc++";
				CLANG_ENABLE_MODULES = YES;
				CLANG_ENABLE_OBJC_ARC = YES;
				CLANG_WARN_BLOCK_CAPTURE_AUTORELEASING = YES;
				CLANG_WARN_BOOL_CONVERSION = YES;
				CLANG_WARN_COMMA = YES;
				CLANG_WARN_CONSTANT_CONVERSION = YES;
				CLANG_WARN_DIRECT_OBJC_ISA_USAGE = YES_ERROR;
				CLANG_WARN_DOCUMENTATION_COMMENTS = YES;
				CLANG_WARN_EMPTY_BODY = YES;
				CLANG_WARN_ENUM_CONVERSION = YES;
				CLANG_WARN_INFINITE_RECURSION = YES;
				CLANG_WARN_INT_CONVERSION = YES;
				CLANG_WARN_NON_LITERAL_NULL_CONVERSION = YES;
				CLANG_WARN_OBJC_LITERAL_CONVERSION = YES;
				CLANG_WARN_OBJC_ROOT_CLASS = YES_ERROR;
				CLANG_WARN_RANGE_LOOP_ANALYSIS = YES;
				CLANG_WARN_STRICT_PROTOTYPES = YES;
				CLANG_WARN_SUSPICIOUS_MOVE = YES;
				CLANG_WARN_UNGUARDED_AVAILABILITY = YES_AGGRESSIVE;
				CLANG_WARN_UNREACHABLE_CODE = YES;
				CLANG_WARN__DUPLICATE_METHOD_MATCH = YES;
				CODE_SIGN_IDENTITY = "iPhone Developer";
				COPY_PHASE_STRIP = NO;
				DEBUG_INFORMATION_FORMAT = "dwarf-with-dsym";
				ENABLE_NS_ASSERTIONS = NO;
				ENABLE_STRICT_OBJC_MSGSEND = YES;
				GCC_C_LANGUAGE_STANDARD = gnu11;
				GCC_NO_COMMON_BLOCKS = YES;
				GCC_WARN_64_TO_32_BIT_CONVERSION = YES;
				GCC_WARN_ABOUT_RETURN_TYPE = YES_ERROR;
				GCC_WARN_UNDECLARED_SELECTOR = YES;
				GCC_WARN_UNINITIALIZED_AUTOS = YES_AGGRESSIVE;
				GCC_WARN_UNUSED_FUNCTION = YES;
				GCC_WARN_UNUSED_VARIABLE = YES;
				IPHONEOS_DEPLOYMENT_TARGET = 11.1;
				MTL_ENABLE_DEBUG_INFO = NO;
				SDKROOT = iphoneos;
				SWIFT_OPTIMIZATION_LEVEL = "-Owholemodule";
				VALIDATE_PRODUCT = YES;
			};
			name = Release;
		};
		937ED9C11FB1F63900DEA4F3 /* Debug */ = {
			isa = XCBuildConfiguration;
			baseConfigurationReference = 71D715C01193944C86EB0D1F /* Pods-Task Tracker.debug.xcconfig */;
			buildSettings = {
				ASSETCATALOG_COMPILER_APPICON_NAME = AppIcon;
				CODE_SIGN_STYLE = Automatic;
				DEVELOPMENT_TEAM = VAEJG6X4CW;
				INFOPLIST_FILE = "Task Tracker/Resources/Info.plist";
				LD_RUNPATH_SEARCH_PATHS = "$(inherited) @executable_path/Frameworks";
				PRODUCT_BUNDLE_IDENTIFIER = "com.alex.Task-Tracker";
				PRODUCT_NAME = "$(TARGET_NAME)";
				SWIFT_VERSION = 4.0;
				TARGETED_DEVICE_FAMILY = "1,2";
			};
			name = Debug;
		};
		937ED9C21FB1F63900DEA4F3 /* Release */ = {
			isa = XCBuildConfiguration;
			baseConfigurationReference = BE7EB50B732EFA5F1442C956 /* Pods-Task Tracker.release.xcconfig */;
			buildSettings = {
				ASSETCATALOG_COMPILER_APPICON_NAME = AppIcon;
				CODE_SIGN_STYLE = Automatic;
				DEVELOPMENT_TEAM = VAEJG6X4CW;
				INFOPLIST_FILE = "Task Tracker/Resources/Info.plist";
				LD_RUNPATH_SEARCH_PATHS = "$(inherited) @executable_path/Frameworks";
				PRODUCT_BUNDLE_IDENTIFIER = "com.alex.Task-Tracker";
				PRODUCT_NAME = "$(TARGET_NAME)";
				SWIFT_VERSION = 4.0;
				TARGETED_DEVICE_FAMILY = "1,2";
			};
			name = Release;
		};
/* End XCBuildConfiguration section */

/* Begin XCConfigurationList section */
		937ED9A61FB1F63800DEA4F3 /* Build configuration list for PBXProject "Task Tracker" */ = {
			isa = XCConfigurationList;
			buildConfigurations = (
				937ED9BE1FB1F63900DEA4F3 /* Debug */,
				937ED9BF1FB1F63900DEA4F3 /* Release */,
			);
			defaultConfigurationIsVisible = 0;
			defaultConfigurationName = Release;
		};
		937ED9C01FB1F63900DEA4F3 /* Build configuration list for PBXNativeTarget "Task Tracker" */ = {
			isa = XCConfigurationList;
			buildConfigurations = (
				937ED9C11FB1F63900DEA4F3 /* Debug */,
				937ED9C21FB1F63900DEA4F3 /* Release */,
			);
			defaultConfigurationIsVisible = 0;
			defaultConfigurationName = Release;
		};
/* End XCConfigurationList section */
	};
	rootObject = 937ED9A31FB1F63800DEA4F3 /* Project object */;
}
