// !$*UTF8*$!
{
	archiveVersion = 1;
	classes = {
	};
	objectVersion = 48;
	objects = {

/* Begin PBXBuildFile section */
		8579186659AB6CA5BC06F60F /* Pods_Task_Tracker.framework in Frameworks */ = {isa = PBXBuildFile; fileRef = A5CBCACDB2750934C3A0D5BF /* Pods_Task_Tracker.framework */; };
		937ED9AF1FB1F63900DEA4F3 /* AppDelegate.swift in Sources */ = {isa = PBXBuildFile; fileRef = 937ED9AE1FB1F63900DEA4F3 /* AppDelegate.swift */; };
		937ED9B41FB1F63900DEA4F3 /* Main.storyboard in Resources */ = {isa = PBXBuildFile; fileRef = 937ED9B21FB1F63900DEA4F3 /* Main.storyboard */; };
		937ED9B91FB1F63900DEA4F3 /* Assets.xcassets in Resources */ = {isa = PBXBuildFile; fileRef = 937ED9B81FB1F63900DEA4F3 /* Assets.xcassets */; };
		937ED9BC1FB1F63900DEA4F3 /* LaunchScreen.storyboard in Resources */ = {isa = PBXBuildFile; fileRef = 937ED9BA1FB1F63900DEA4F3 /* LaunchScreen.storyboard */; };
		937ED9FF1FB3203800DEA4F3 /* RemoteRequesting.swift in Sources */ = {isa = PBXBuildFile; fileRef = 937ED9FE1FB3203700DEA4F3 /* RemoteRequesting.swift */; };
		937EDA011FB3207D00DEA4F3 /* Request.swift in Sources */ = {isa = PBXBuildFile; fileRef = 937EDA001FB3207D00DEA4F3 /* Request.swift */; };
		A2068AE22045F6BF00A84C2C /* CourseProject.xcdatamodeld in Sources */ = {isa = PBXBuildFile; fileRef = A2068AE02045F6BF00A84C2C /* CourseProject.xcdatamodeld */; };
		A29BD5B72091259200FB1C44 /* CoreDataDAO.swift in Sources */ = {isa = PBXBuildFile; fileRef = A29BD5B62091259200FB1C44 /* CoreDataDAO.swift */; };
		A29BD5B9209125B600FB1C44 /* DAO.swift in Sources */ = {isa = PBXBuildFile; fileRef = A29BD5B8209125B600FB1C44 /* DAO.swift */; };
		A29BD5BB209125D900FB1C44 /* CoreDataTranslator.swift in Sources */ = {isa = PBXBuildFile; fileRef = A29BD5BA209125D900FB1C44 /* CoreDataTranslator.swift */; };
		A29BD5BD2091266400FB1C44 /* CoreDataConfiguration.swift in Sources */ = {isa = PBXBuildFile; fileRef = A29BD5BC2091266400FB1C44 /* CoreDataConfiguration.swift */; };
		A29BD5BF209126A300FB1C44 /* Entity.swift in Sources */ = {isa = PBXBuildFile; fileRef = A29BD5BE209126A300FB1C44 /* Entity.swift */; };
		A29BD5C22091372700FB1C44 /* ChannelsPresenter.swift in Sources */ = {isa = PBXBuildFile; fileRef = A29BD5C12091372700FB1C44 /* ChannelsPresenter.swift */; };
		A29BD5C52091381400FB1C44 /* Channel.swift in Sources */ = {isa = PBXBuildFile; fileRef = A29BD5C42091381400FB1C44 /* Channel.swift */; };
		A2D6895220547A9700146AA3 /* DataSource.swift in Sources */ = {isa = PBXBuildFile; fileRef = A2D6895120547A9700146AA3 /* DataSource.swift */; };
		A2F26C75202248CE008A5704 /* RemoteLoading.swift in Sources */ = {isa = PBXBuildFile; fileRef = A2F26C74202248CE008A5704 /* RemoteLoading.swift */; };
		A2F26C7A20224A64008A5704 /* FirebaseObserver.swift in Sources */ = {isa = PBXBuildFile; fileRef = A2F26C7920224A64008A5704 /* FirebaseObserver.swift */; };
/* End PBXBuildFile section */

/* Begin PBXFileReference section */
		71D715C01193944C86EB0D1F /* Pods-Task Tracker.debug.xcconfig */ = {isa = PBXFileReference; includeInIndex = 1; lastKnownFileType = text.xcconfig; name = "Pods-Task Tracker.debug.xcconfig"; path = "Pods/Target Support Files/Pods-Task Tracker/Pods-Task Tracker.debug.xcconfig"; sourceTree = "<group>"; };
		937ED9AB1FB1F63900DEA4F3 /* Task Tracker.app */ = {isa = PBXFileReference; explicitFileType = wrapper.application; includeInIndex = 0; path = "Task Tracker.app"; sourceTree = BUILT_PRODUCTS_DIR; };
		937ED9AE1FB1F63900DEA4F3 /* AppDelegate.swift */ = {isa = PBXFileReference; lastKnownFileType = sourcecode.swift; path = AppDelegate.swift; sourceTree = "<group>"; };
		937ED9B31FB1F63900DEA4F3 /* Base */ = {isa = PBXFileReference; lastKnownFileType = file.storyboard; name = Base; path = Base.lproj/Main.storyboard; sourceTree = "<group>"; };
		937ED9B81FB1F63900DEA4F3 /* Assets.xcassets */ = {isa = PBXFileReference; lastKnownFileType = folder.assetcatalog; path = Assets.xcassets; sourceTree = "<group>"; };
		937ED9BB1FB1F63900DEA4F3 /* Base */ = {isa = PBXFileReference; lastKnownFileType = file.storyboard; name = Base; path = Base.lproj/LaunchScreen.storyboard; sourceTree = "<group>"; };
		937ED9BD1FB1F63900DEA4F3 /* Info.plist */ = {isa = PBXFileReference; lastKnownFileType = text.plist.xml; path = Info.plist; sourceTree = "<group>"; };
		937ED9FE1FB3203700DEA4F3 /* RemoteRequesting.swift */ = {isa = PBXFileReference; lastKnownFileType = sourcecode.swift; path = RemoteRequesting.swift; sourceTree = "<group>"; };
		937EDA001FB3207D00DEA4F3 /* Request.swift */ = {isa = PBXFileReference; lastKnownFileType = sourcecode.swift; path = Request.swift; sourceTree = "<group>"; };
		A2068AE12045F6BF00A84C2C /* CourseProject.xcdatamodel */ = {isa = PBXFileReference; lastKnownFileType = wrapper.xcdatamodel; path = CourseProject.xcdatamodel; sourceTree = "<group>"; };
		A29BD5B62091259200FB1C44 /* CoreDataDAO.swift */ = {isa = PBXFileReference; lastKnownFileType = sourcecode.swift; path = CoreDataDAO.swift; sourceTree = "<group>"; };
		A29BD5B8209125B600FB1C44 /* DAO.swift */ = {isa = PBXFileReference; lastKnownFileType = sourcecode.swift; path = DAO.swift; sourceTree = "<group>"; };
		A29BD5BA209125D900FB1C44 /* CoreDataTranslator.swift */ = {isa = PBXFileReference; lastKnownFileType = sourcecode.swift; path = CoreDataTranslator.swift; sourceTree = "<group>"; };
		A29BD5BC2091266400FB1C44 /* CoreDataConfiguration.swift */ = {isa = PBXFileReference; lastKnownFileType = sourcecode.swift; path = CoreDataConfiguration.swift; sourceTree = "<group>"; };
		A29BD5BE209126A300FB1C44 /* Entity.swift */ = {isa = PBXFileReference; lastKnownFileType = sourcecode.swift; path = Entity.swift; sourceTree = "<group>"; };
		A29BD5C12091372700FB1C44 /* ChannelsPresenter.swift */ = {isa = PBXFileReference; lastKnownFileType = sourcecode.swift; path = ChannelsPresenter.swift; sourceTree = "<group>"; };
		A29BD5C42091381400FB1C44 /* Channel.swift */ = {isa = PBXFileReference; lastKnownFileType = sourcecode.swift; path = Channel.swift; sourceTree = "<group>"; };
		A2D6895120547A9700146AA3 /* DataSource.swift */ = {isa = PBXFileReference; fileEncoding = 4; lastKnownFileType = sourcecode.swift; path = DataSource.swift; sourceTree = "<group>"; };
		A2F26C74202248CE008A5704 /* RemoteLoading.swift */ = {isa = PBXFileReference; lastKnownFileType = sourcecode.swift; path = RemoteLoading.swift; sourceTree = "<group>"; };
		A2F26C7920224A64008A5704 /* FirebaseObserver.swift */ = {isa = PBXFileReference; lastKnownFileType = sourcecode.swift; path = FirebaseObserver.swift; sourceTree = "<group>"; };
		A5CBCACDB2750934C3A0D5BF /* Pods_Task_Tracker.framework */ = {isa = PBXFileReference; explicitFileType = wrapper.framework; includeInIndex = 0; path = Pods_Task_Tracker.framework; sourceTree = BUILT_PRODUCTS_DIR; };
		BE7EB50B732EFA5F1442C956 /* Pods-Task Tracker.release.xcconfig */ = {isa = PBXFileReference; includeInIndex = 1; lastKnownFileType = text.xcconfig; name = "Pods-Task Tracker.release.xcconfig"; path = "Pods/Target Support Files/Pods-Task Tracker/Pods-Task Tracker.release.xcconfig"; sourceTree = "<group>"; };
/* End PBXFileReference section */

/* Begin PBXFrameworksBuildPhase section */
		937ED9A81FB1F63900DEA4F3 /* Frameworks */ = {
			isa = PBXFrameworksBuildPhase;
			buildActionMask = 2147483647;
			files = (
				8579186659AB6CA5BC06F60F /* Pods_Task_Tracker.framework in Frameworks */,
			);
			runOnlyForDeploymentPostprocessing = 0;
		};
/* End PBXFrameworksBuildPhase section */

/* Begin PBXGroup section */
		2BF6D250049C9F903DB277B9 /* Frameworks */ = {
			isa = PBXGroup;
			children = (
				A5CBCACDB2750934C3A0D5BF /* Pods_Task_Tracker.framework */,
			);
			name = Frameworks;
			sourceTree = "<group>";
		};
		937ED9A21FB1F63800DEA4F3 = {
			isa = PBXGroup;
			children = (
				937ED9AD1FB1F63900DEA4F3 /* Task Tracker */,
				937ED9AC1FB1F63900DEA4F3 /* Products */,
				DFD6DF3124FF177C0FECC08F /* Pods */,
				2BF6D250049C9F903DB277B9 /* Frameworks */,
			);
			sourceTree = "<group>";
		};
		937ED9AC1FB1F63900DEA4F3 /* Products */ = {
			isa = PBXGroup;
			children = (
				937ED9AB1FB1F63900DEA4F3 /* Task Tracker.app */,
			);
			name = Products;
			sourceTree = "<group>";
		};
		937ED9AD1FB1F63900DEA4F3 /* Task Tracker */ = {
			isa = PBXGroup;
			children = (
				937ED9C41FB1F82A00DEA4F3 /* Abstract */,
				937ED9C61FB1F84200DEA4F3 /* Application */,
				A2068AD42045EEF200A84C2C /* Concrete */,
				937ED9C31FB1F82600DEA4F3 /* Resources */,
				937ED9C51FB1F83100DEA4F3 /* Storyboards */,
			);
			path = "Task Tracker";
			sourceTree = "<group>";
		};
		937ED9C31FB1F82600DEA4F3 /* Resources */ = {
			isa = PBXGroup;
			children = (
				937ED9B81FB1F63900DEA4F3 /* Assets.xcassets */,
				937ED9BD1FB1F63900DEA4F3 /* Info.plist */,
				A2068AE02045F6BF00A84C2C /* CourseProject.xcdatamodeld */,
			);
			path = Resources;
			sourceTree = "<group>";
		};
		937ED9C41FB1F82A00DEA4F3 /* Abstract */ = {
			isa = PBXGroup;
			children = (
				A29BD5B52091258600FB1C44 /* DAO */,
				A29BD5B220911AC100FB1C44 /* Entity */,
				A2D6895020547A7D00146AA3 /* DataSource */,
				937ED9FD1FB3201600DEA4F3 /* Request */,
				937ED9EF1FB3061800DEA4F3 /* RemoteLoading */,
			);
			path = Abstract;
			sourceTree = "<group>";
		};
		937ED9C51FB1F83100DEA4F3 /* Storyboards */ = {
			isa = PBXGroup;
			children = (
				937ED9B21FB1F63900DEA4F3 /* Main.storyboard */,
				937ED9BA1FB1F63900DEA4F3 /* LaunchScreen.storyboard */,
			);
			path = Storyboards;
			sourceTree = "<group>";
		};
		937ED9C61FB1F84200DEA4F3 /* Application */ = {
			isa = PBXGroup;
			children = (
				937ED9AE1FB1F63900DEA4F3 /* AppDelegate.swift */,
			);
			path = Application;
			sourceTree = "<group>";
		};
		937ED9EF1FB3061800DEA4F3 /* RemoteLoading */ = {
			isa = PBXGroup;
			children = (
				A2F26C74202248CE008A5704 /* RemoteLoading.swift */,
				A2F26C7920224A64008A5704 /* FirebaseObserver.swift */,
			);
			path = RemoteLoading;
			sourceTree = "<group>";
		};
		937ED9FD1FB3201600DEA4F3 /* Request */ = {
			isa = PBXGroup;
			children = (
				937ED9FE1FB3203700DEA4F3 /* RemoteRequesting.swift */,
				937EDA001FB3207D00DEA4F3 /* Request.swift */,
			);
			path = Request;
			sourceTree = "<group>";
		};
		A2068AD42045EEF200A84C2C /* Concrete */ = {
			isa = PBXGroup;
			children = (
				A29BD5C32091380900FB1C44 /* Models */,
				A2D689472054734900146AA3 /* Flows */,
			);
			path = Concrete;
			sourceTree = "<group>";
		};
		A29BD5B220911AC100FB1C44 /* Entity */ = {
			isa = PBXGroup;
			children = (
				A29BD5BE209126A300FB1C44 /* Entity.swift */,
			);
			path = Entity;
			sourceTree = "<group>";
		};
		A29BD5B52091258600FB1C44 /* DAO */ = {
			isa = PBXGroup;
			children = (
				A29BD5B62091259200FB1C44 /* CoreDataDAO.swift */,
				A29BD5B8209125B600FB1C44 /* DAO.swift */,
				A29BD5BA209125D900FB1C44 /* CoreDataTranslator.swift */,
				A29BD5BC2091266400FB1C44 /* CoreDataConfiguration.swift */,
			);
			path = DAO;
			sourceTree = "<group>";
		};
		A29BD5C02091371B00FB1C44 /* Channels */ = {
			isa = PBXGroup;
			children = (
				A29BD5C12091372700FB1C44 /* ChannelsPresenter.swift */,
			);
			path = Channels;
			sourceTree = "<group>";
		};
		A29BD5C32091380900FB1C44 /* Models */ = {
			isa = PBXGroup;
			children = (
				A29BD5C42091381400FB1C44 /* Channel.swift */,
			);
			path = Models;
			sourceTree = "<group>";
		};
		A2D689472054734900146AA3 /* Flows */ = {
			isa = PBXGroup;
			children = (
				A2D689482054735100146AA3 /* Main */,
			);
			path = Flows;
			sourceTree = "<group>";
		};
		A2D689482054735100146AA3 /* Main */ = {
			isa = PBXGroup;
			children = (
				A29BD5C02091371B00FB1C44 /* Channels */,
			);
			path = Main;
			sourceTree = "<group>";
		};
		A2D6895020547A7D00146AA3 /* DataSource */ = {
			isa = PBXGroup;
			children = (
				A2D6895120547A9700146AA3 /* DataSource.swift */,
			);
			path = DataSource;
			sourceTree = "<group>";
		};
		DFD6DF3124FF177C0FECC08F /* Pods */ = {
			isa = PBXGroup;
			children = (
				71D715C01193944C86EB0D1F /* Pods-Task Tracker.debug.xcconfig */,
				BE7EB50B732EFA5F1442C956 /* Pods-Task Tracker.release.xcconfig */,
			);
			name = Pods;
			sourceTree = "<group>";
		};
/* End PBXGroup section */

/* Begin PBXNativeTarget section */
		937ED9AA1FB1F63900DEA4F3 /* Task Tracker */ = {
			isa = PBXNativeTarget;
			buildConfigurationList = 937ED9C01FB1F63900DEA4F3 /* Build configuration list for PBXNativeTarget "Task Tracker" */;
			buildPhases = (
				5B2387A257A76A55D16DDFD3 /* [CP] Check Pods Manifest.lock */,
				937ED9A71FB1F63900DEA4F3 /* Sources */,
				937ED9A81FB1F63900DEA4F3 /* Frameworks */,
				937ED9A91FB1F63900DEA4F3 /* Resources */,
				8816B2FDC5021FE65BA0AE89 /* [CP] Embed Pods Frameworks */,
				C7621A5A10E1E0D7A68EBD46 /* [CP] Copy Pods Resources */,
			);
			buildRules = (
			);
			dependencies = (
			);
			name = "Task Tracker";
			productName = "Task Tracker";
			productReference = 937ED9AB1FB1F63900DEA4F3 /* Task Tracker.app */;
			productType = "com.apple.product-type.application";
		};
/* End PBXNativeTarget section */

/* Begin PBXProject section */
		937ED9A31FB1F63800DEA4F3 /* Project object */ = {
			isa = PBXProject;
			attributes = {
				LastSwiftUpdateCheck = 0910;
				LastUpgradeCheck = 0910;
				ORGANIZATIONNAME = "Oleksii Tsoniev";
				TargetAttributes = {
					937ED9AA1FB1F63900DEA4F3 = {
						CreatedOnToolsVersion = 9.1;
						ProvisioningStyle = Automatic;
					};
				};
			};
			buildConfigurationList = 937ED9A61FB1F63800DEA4F3 /* Build configuration list for PBXProject "Task Tracker" */;
			compatibilityVersion = "Xcode 8.0";
			developmentRegion = en;
			hasScannedForEncodings = 0;
			knownRegions = (
				en,
				Base,
			);
			mainGroup = 937ED9A21FB1F63800DEA4F3;
			productRefGroup = 937ED9AC1FB1F63900DEA4F3 /* Products */;
			projectDirPath = "";
			projectRoot = "";
			targets = (
				937ED9AA1FB1F63900DEA4F3 /* Task Tracker */,
			);
		};
/* End PBXProject section */

/* Begin PBXResourcesBuildPhase section */
		937ED9A91FB1F63900DEA4F3 /* Resources */ = {
			isa = PBXResourcesBuildPhase;
			buildActionMask = 2147483647;
			files = (
				937ED9BC1FB1F63900DEA4F3 /* LaunchScreen.storyboard in Resources */,
				937ED9B91FB1F63900DEA4F3 /* Assets.xcassets in Resources */,
				937ED9B41FB1F63900DEA4F3 /* Main.storyboard in Resources */,
			);
			runOnlyForDeploymentPostprocessing = 0;
		};
/* End PBXResourcesBuildPhase section */

/* Begin PBXShellScriptBuildPhase section */
		5B2387A257A76A55D16DDFD3 /* [CP] Check Pods Manifest.lock */ = {
			isa = PBXShellScriptBuildPhase;
			buildActionMask = 2147483647;
			files = (
			);
			inputPaths = (
				"${PODS_PODFILE_DIR_PATH}/Podfile.lock",
				"${PODS_ROOT}/Manifest.lock",
			);
			name = "[CP] Check Pods Manifest.lock";
			outputPaths = (
				"$(DERIVED_FILE_DIR)/Pods-Task Tracker-checkManifestLockResult.txt",
			);
			runOnlyForDeploymentPostprocessing = 0;
			shellPath = /bin/sh;
			shellScript = "diff \"${PODS_PODFILE_DIR_PATH}/Podfile.lock\" \"${PODS_ROOT}/Manifest.lock\" > /dev/null\nif [ $? != 0 ] ; then\n    # print error to STDERR\n    echo \"error: The sandbox is not in sync with the Podfile.lock. Run 'pod install' or update your CocoaPods installation.\" >&2\n    exit 1\nfi\n# This output is used by Xcode 'outputs' to avoid re-running this script phase.\necho \"SUCCESS\" > \"${SCRIPT_OUTPUT_FILE_0}\"\n";
			showEnvVarsInLog = 0;
		};
		8816B2FDC5021FE65BA0AE89 /* [CP] Embed Pods Frameworks */ = {
			isa = PBXShellScriptBuildPhase;
			buildActionMask = 2147483647;
			files = (
			);
			inputPaths = (
				"${SRCROOT}/Pods/Target Support Files/Pods-Task Tracker/Pods-Task Tracker-frameworks.sh",
				"${BUILT_PRODUCTS_DIR}/GTMSessionFetcher/GTMSessionFetcher.framework",
				"${BUILT_PRODUCTS_DIR}/GoogleToolboxForMac/GoogleToolboxForMac.framework",
				"${BUILT_PRODUCTS_DIR}/leveldb-library/leveldb.framework",
				"${BUILT_PRODUCTS_DIR}/nanopb/nanopb.framework",
			);
			name = "[CP] Embed Pods Frameworks";
			outputPaths = (
				"${TARGET_BUILD_DIR}/${FRAMEWORKS_FOLDER_PATH}/GTMSessionFetcher.framework",
				"${TARGET_BUILD_DIR}/${FRAMEWORKS_FOLDER_PATH}/GoogleToolboxForMac.framework",
				"${TARGET_BUILD_DIR}/${FRAMEWORKS_FOLDER_PATH}/leveldb.framework",
				"${TARGET_BUILD_DIR}/${FRAMEWORKS_FOLDER_PATH}/nanopb.framework",
			);
			runOnlyForDeploymentPostprocessing = 0;
			shellPath = /bin/sh;
			shellScript = "\"${SRCROOT}/Pods/Target Support Files/Pods-Task Tracker/Pods-Task Tracker-frameworks.sh\"\n";
			showEnvVarsInLog = 0;
		};
		C7621A5A10E1E0D7A68EBD46 /* [CP] Copy Pods Resources */ = {
			isa = PBXShellScriptBuildPhase;
			buildActionMask = 2147483647;
			files = (
			);
			inputPaths = (
			);
			name = "[CP] Copy Pods Resources";
			outputPaths = (
			);
			runOnlyForDeploymentPostprocessing = 0;
			shellPath = /bin/sh;
			shellScript = "\"${SRCROOT}/Pods/Target Support Files/Pods-Task Tracker/Pods-Task Tracker-resources.sh\"\n";
			showEnvVarsInLog = 0;
		};
/* End PBXShellScriptBuildPhase section */

/* Begin PBXSourcesBuildPhase section */
		937ED9A71FB1F63900DEA4F3 /* Sources */ = {
			isa = PBXSourcesBuildPhase;
			buildActionMask = 2147483647;
			files = (
				A2F26C7A20224A64008A5704 /* FirebaseObserver.swift in Sources */,
				937EDA011FB3207D00DEA4F3 /* Request.swift in Sources */,
				A29BD5C22091372700FB1C44 /* ChannelsPresenter.swift in Sources */,
				937ED9AF1FB1F63900DEA4F3 /* AppDelegate.swift in Sources */,
				A29BD5B72091259200FB1C44 /* CoreDataDAO.swift in Sources */,
				A2068AE22045F6BF00A84C2C /* CourseProject.xcdatamodeld in Sources */,
				937ED9FF1FB3203800DEA4F3 /* RemoteRequesting.swift in Sources */,
				A29BD5C52091381400FB1C44 /* Channel.swift in Sources */,
				A2F26C75202248CE008A5704 /* RemoteLoading.swift in Sources */,
				A29BD5BB209125D900FB1C44 /* CoreDataTranslator.swift in Sources */,
				A29BD5B9209125B600FB1C44 /* DAO.swift in Sources */,
				A29BD5BD2091266400FB1C44 /* CoreDataConfiguration.swift in Sources */,
				A29BD5BF209126A300FB1C44 /* Entity.swift in Sources */,
				A2D6895220547A9700146AA3 /* DataSource.swift in Sources */,
			);
			runOnlyForDeploymentPostprocessing = 0;
		};
/* End PBXSourcesBuildPhase section */

/* Begin PBXVariantGroup section */
		937ED9B21FB1F63900DEA4F3 /* Main.storyboard */ = {
			isa = PBXVariantGroup;
			children = (
				937ED9B31FB1F63900DEA4F3 /* Base */,
			);
			name = Main.storyboard;
			sourceTree = "<group>";
		};
		937ED9BA1FB1F63900DEA4F3 /* LaunchScreen.storyboard */ = {
			isa = PBXVariantGroup;
			children = (
				937ED9BB1FB1F63900DEA4F3 /* Base */,
			);
			name = LaunchScreen.storyboard;
			sourceTree = "<group>";
		};
/* End PBXVariantGroup section */

/* Begin XCBuildConfiguration section */
		937ED9BE1FB1F63900DEA4F3 /* Debug */ = {
			isa = XCBuildConfiguration;
			buildSettings = {
				ALWAYS_SEARCH_USER_PATHS = NO;
				CLANG_ANALYZER_NONNULL = YES;
				CLANG_ANALYZER_NUMBER_OBJECT_CONVERSION = YES_AGGRESSIVE;
				CLANG_CXX_LANGUAGE_STANDARD = "gnu++14";
				CLANG_CXX_LIBRARY = "libc++";
				CLANG_ENABLE_MODULES = YES;
				CLANG_ENABLE_OBJC_ARC = YES;
				CLANG_WARN_BLOCK_CAPTURE_AUTORELEASING = YES;
				CLANG_WARN_BOOL_CONVERSION = YES;
				CLANG_WARN_COMMA = YES;
				CLANG_WARN_CONSTANT_CONVERSION = YES;
				CLANG_WARN_DIRECT_OBJC_ISA_USAGE = YES_ERROR;
				CLANG_WARN_DOCUMENTATION_COMMENTS = YES;
				CLANG_WARN_EMPTY_BODY = YES;
				CLANG_WARN_ENUM_CONVERSION = YES;
				CLANG_WARN_INFINITE_RECURSION = YES;
				CLANG_WARN_INT_CONVERSION = YES;
				CLANG_WARN_NON_LITERAL_NULL_CONVERSION = YES;
				CLANG_WARN_OBJC_LITERAL_CONVERSION = YES;
				CLANG_WARN_OBJC_ROOT_CLASS = YES_ERROR;
				CLANG_WARN_RANGE_LOOP_ANALYSIS = YES;
				CLANG_WARN_STRICT_PROTOTYPES = YES;
				CLANG_WARN_SUSPICIOUS_MOVE = YES;
				CLANG_WARN_UNGUARDED_AVAILABILITY = YES_AGGRESSIVE;
				CLANG_WARN_UNREACHABLE_CODE = YES;
				CLANG_WARN__DUPLICATE_METHOD_MATCH = YES;
				CODE_SIGN_IDENTITY = "iPhone Developer";
				COPY_PHASE_STRIP = NO;
				DEBUG_INFORMATION_FORMAT = dwarf;
				ENABLE_STRICT_OBJC_MSGSEND = YES;
				ENABLE_TESTABILITY = YES;
				GCC_C_LANGUAGE_STANDARD = gnu11;
				GCC_DYNAMIC_NO_PIC = NO;
				GCC_NO_COMMON_BLOCKS = YES;
				GCC_OPTIMIZATION_LEVEL = 0;
				GCC_PREPROCESSOR_DEFINITIONS = (
					"DEBUG=1",
					"$(inherited)",
				);
				GCC_WARN_64_TO_32_BIT_CONVERSION = YES;
				GCC_WARN_ABOUT_RETURN_TYPE = YES_ERROR;
				GCC_WARN_UNDECLARED_SELECTOR = YES;
				GCC_WARN_UNINITIALIZED_AUTOS = YES_AGGRESSIVE;
				GCC_WARN_UNUSED_FUNCTION = YES;
				GCC_WARN_UNUSED_VARIABLE = YES;
				IPHONEOS_DEPLOYMENT_TARGET = 11.1;
				MTL_ENABLE_DEBUG_INFO = YES;
				ONLY_ACTIVE_ARCH = YES;
				SDKROOT = iphoneos;
				SWIFT_ACTIVE_COMPILATION_CONDITIONS = DEBUG;
				SWIFT_OPTIMIZATION_LEVEL = "-Onone";
			};
			name = Debug;
		};
		937ED9BF1FB1F63900DEA4F3 /* Release */ = {
			isa = XCBuildConfiguration;
			buildSettings = {
				ALWAYS_SEARCH_USER_PATHS = NO;
				CLANG_ANALYZER_NONNULL = YES;
				CLANG_ANALYZER_NUMBER_OBJECT_CONVERSION = YES_AGGRESSIVE;
				CLANG_CXX_LANGUAGE_STANDARD = "gnu++14";
				CLANG_CXX_LIBRARY = "libc++";
				CLANG_ENABLE_MODULES = YES;
				CLANG_ENABLE_OBJC_ARC = YES;
				CLANG_WARN_BLOCK_CAPTURE_AUTORELEASING = YES;
				CLANG_WARN_BOOL_CONVERSION = YES;
				CLANG_WARN_COMMA = YES;
				CLANG_WARN_CONSTANT_CONVERSION = YES;
				CLANG_WARN_DIRECT_OBJC_ISA_USAGE = YES_ERROR;
				CLANG_WARN_DOCUMENTATION_COMMENTS = YES;
				CLANG_WARN_EMPTY_BODY = YES;
				CLANG_WARN_ENUM_CONVERSION = YES;
				CLANG_WARN_INFINITE_RECURSION = YES;
				CLANG_WARN_INT_CONVERSION = YES;
				CLANG_WARN_NON_LITERAL_NULL_CONVERSION = YES;
				CLANG_WARN_OBJC_LITERAL_CONVERSION = YES;
				CLANG_WARN_OBJC_ROOT_CLASS = YES_ERROR;
				CLANG_WARN_RANGE_LOOP_ANALYSIS = YES;
				CLANG_WARN_STRICT_PROTOTYPES = YES;
				CLANG_WARN_SUSPICIOUS_MOVE = YES;
				CLANG_WARN_UNGUARDED_AVAILABILITY = YES_AGGRESSIVE;
				CLANG_WARN_UNREACHABLE_CODE = YES;
				CLANG_WARN__DUPLICATE_METHOD_MATCH = YES;
				CODE_SIGN_IDENTITY = "iPhone Developer";
				COPY_PHASE_STRIP = NO;
				DEBUG_INFORMATION_FORMAT = "dwarf-with-dsym";
				ENABLE_NS_ASSERTIONS = NO;
				ENABLE_STRICT_OBJC_MSGSEND = YES;
				GCC_C_LANGUAGE_STANDARD = gnu11;
				GCC_NO_COMMON_BLOCKS = YES;
				GCC_WARN_64_TO_32_BIT_CONVERSION = YES;
				GCC_WARN_ABOUT_RETURN_TYPE = YES_ERROR;
				GCC_WARN_UNDECLARED_SELECTOR = YES;
				GCC_WARN_UNINITIALIZED_AUTOS = YES_AGGRESSIVE;
				GCC_WARN_UNUSED_FUNCTION = YES;
				GCC_WARN_UNUSED_VARIABLE = YES;
				IPHONEOS_DEPLOYMENT_TARGET = 11.1;
				MTL_ENABLE_DEBUG_INFO = NO;
				SDKROOT = iphoneos;
				SWIFT_OPTIMIZATION_LEVEL = "-Owholemodule";
				VALIDATE_PRODUCT = YES;
			};
			name = Release;
		};
		937ED9C11FB1F63900DEA4F3 /* Debug */ = {
			isa = XCBuildConfiguration;
			baseConfigurationReference = 71D715C01193944C86EB0D1F /* Pods-Task Tracker.debug.xcconfig */;
			buildSettings = {
				ASSETCATALOG_COMPILER_APPICON_NAME = AppIcon;
				CODE_SIGN_STYLE = Automatic;
				DEVELOPMENT_TEAM = 38QC7Z85MT;
				INFOPLIST_FILE = "Task Tracker/Resources/Info.plist";
				LD_RUNPATH_SEARCH_PATHS = "$(inherited) @executable_path/Frameworks";
				PRODUCT_BUNDLE_IDENTIFIER = "com.alex.Task-Tracker";
				PRODUCT_NAME = "$(TARGET_NAME)";
				SWIFT_VERSION = 4.0;
				TARGETED_DEVICE_FAMILY = "1,2";
			};
			name = Debug;
		};
		937ED9C21FB1F63900DEA4F3 /* Release */ = {
			isa = XCBuildConfiguration;
			baseConfigurationReference = BE7EB50B732EFA5F1442C956 /* Pods-Task Tracker.release.xcconfig */;
			buildSettings = {
				ASSETCATALOG_COMPILER_APPICON_NAME = AppIcon;
				CODE_SIGN_STYLE = Automatic;
				DEVELOPMENT_TEAM = 38QC7Z85MT;
				INFOPLIST_FILE = "Task Tracker/Resources/Info.plist";
				LD_RUNPATH_SEARCH_PATHS = "$(inherited) @executable_path/Frameworks";
				PRODUCT_BUNDLE_IDENTIFIER = "com.alex.Task-Tracker";
				PRODUCT_NAME = "$(TARGET_NAME)";
				SWIFT_VERSION = 4.0;
				TARGETED_DEVICE_FAMILY = "1,2";
			};
			name = Release;
		};
/* End XCBuildConfiguration section */

/* Begin XCConfigurationList section */
		937ED9A61FB1F63800DEA4F3 /* Build configuration list for PBXProject "Task Tracker" */ = {
			isa = XCConfigurationList;
			buildConfigurations = (
				937ED9BE1FB1F63900DEA4F3 /* Debug */,
				937ED9BF1FB1F63900DEA4F3 /* Release */,
			);
			defaultConfigurationIsVisible = 0;
			defaultConfigurationName = Release;
		};
		937ED9C01FB1F63900DEA4F3 /* Build configuration list for PBXNativeTarget "Task Tracker" */ = {
			isa = XCConfigurationList;
			buildConfigurations = (
				937ED9C11FB1F63900DEA4F3 /* Debug */,
				937ED9C21FB1F63900DEA4F3 /* Release */,
			);
			defaultConfigurationIsVisible = 0;
			defaultConfigurationName = Release;
		};
/* End XCConfigurationList section */

/* Begin XCVersionGroup section */
		A2068AE02045F6BF00A84C2C /* CourseProject.xcdatamodeld */ = {
			isa = XCVersionGroup;
			children = (
				A2068AE12045F6BF00A84C2C /* CourseProject.xcdatamodel */,
			);
			currentVersion = A2068AE12045F6BF00A84C2C /* CourseProject.xcdatamodel */;
			name = CourseProject.xcdatamodeld;
			path = ../../CourseProject.xcdatamodeld;
			sourceTree = "<group>";
			versionGroupType = wrapper.xcdatamodel;
		};
/* End XCVersionGroup section */
	};
	rootObject = 937ED9A31FB1F63800DEA4F3 /* Project object */;
}
